
Microsoft Visual Studio Solution File, Format Version 12.00
# Visual Studio Version 16
VisualStudioVersion = 16.0.29102.190
MinimumVisualStudioVersion = 10.0.40219.1
Project("{F184B08F-C81C-45F6-A57F-5ABD9991F28F}") = "SERCutter", "SERCutter\SERCutter.vbproj", "{B0010AFC-C3D3-4F9E-A148-041078B65577}"
EndProject
Global
	GlobalSection(SolutionConfigurationPlatforms) = preSolution
		Debug|Any CPU = Debug|Any CPU
		Release|Any CPU = Release|Any CPU
	EndGlobalSection
	GlobalSection(ProjectConfigurationPlatforms) = postSolution
		{B0010AFC-C3D3-4F9E-A148-041078B65577}.Debug|Any CPU.ActiveCfg = Debug|Any CPU
		{B0010AFC-C3D3-4F9E-A148-041078B65577}.Debug|Any CPU.Build.0 = Debug|Any CPU
		{B0010AFC-C3D3-4F9E-A148-041078B65577}.Release|Any CPU.ActiveCfg = Release|Any CPU
		{B0010AFC-C3D3-4F9E-A148-041078B65577}.Release|Any CPU.Build.0 = Release|Any CPU
	EndGlobalSection
	GlobalSection(SolutionProperties) = preSolution
		HideSolutionNode = FALSE
	EndGlobalSection
	GlobalSection(ExtensibilityGlobals) = postSolution
		SolutionGuid = {FE005031-66AC-4EE6-A466-6679963057A5}
	EndGlobalSection
EndGlobal
