
Microsoft Visual Studio Solution File, Format Version 12.00
# Visual Studio Version 16
VisualStudioVersion = 16.0.29102.190
MinimumVisualStudioVersion = 10.0.40219.1
Project("{F184B08F-C81C-45F6-A57F-5ABD9991F28F}") = "SERCutter", "SERCutter\SERCutter.vbproj", "{B0010AFC-C3D3-4F9E-A148-041078B65577}"
EndProject
Global
	GlobalSection(SolutionConfigurationPlatforms) = preSolution
		Debug|x64 = Debug|x64
		Release|x64 = Release|x64
	EndGlobalSection
	GlobalSection(ProjectConfigurationPlatforms) = postSolution
		{B0010AFC-C3D3-4F9E-A148-041078B65577}.Debug|x64.ActiveCfg = Debug|x64
		{B0010AFC-C3D3-4F9E-A148-041078B65577}.Debug|x64.Build.0 = Debug|x64
		{B0010AFC-C3D3-4F9E-A148-041078B65577}.Release|x64.ActiveCfg = Release|x64
		{B0010AFC-C3D3-4F9E-A148-041078B65577}.Release|x64.Build.0 = Release|x64
	EndGlobalSection
	GlobalSection(SolutionProperties) = preSolution
		HideSolutionNode = FALSE
	EndGlobalSection
	GlobalSection(ExtensibilityGlobals) = postSolution
		SolutionGuid = {FE005031-66AC-4EE6-A466-6679963057A5}
	EndGlobalSection
EndGlobal
