
Microsoft Visual Studio Solution File, Format Version 12.00
# Visual Studio Version 16
VisualStudioVersion = 16.0.29519.181
MinimumVisualStudioVersion = 10.0.40219.1
Project("{F184B08F-C81C-45F6-A57F-5ABD9991F28F}") = "SBahnMonitor", "SBahnMonitor\SBahnMonitor.vbproj", "{9EEC741B-1138-4AC8-B85D-4FFF064D7802}"
EndProject
Global
	GlobalSection(SolutionConfigurationPlatforms) = preSolution
		Debug|Any CPU = Debug|Any CPU
		Release|Any CPU = Release|Any CPU
	EndGlobalSection
	GlobalSection(ProjectConfigurationPlatforms) = postSolution
		{9EEC741B-1138-4AC8-B85D-4FFF064D7802}.Debug|Any CPU.ActiveCfg = Debug|Any CPU
		{9EEC741B-1138-4AC8-B85D-4FFF064D7802}.Debug|Any CPU.Build.0 = Debug|Any CPU
		{9EEC741B-1138-4AC8-B85D-4FFF064D7802}.Release|Any CPU.ActiveCfg = Release|Any CPU
		{9EEC741B-1138-4AC8-B85D-4FFF064D7802}.Release|Any CPU.Build.0 = Release|Any CPU
	EndGlobalSection
	GlobalSection(SolutionProperties) = preSolution
		HideSolutionNode = FALSE
	EndGlobalSection
	GlobalSection(ExtensibilityGlobals) = postSolution
		SolutionGuid = {9D4CAAC5-DF54-4D0E-8310-DBFCDB8E9AFE}
	EndGlobalSection
EndGlobal
