
Microsoft Visual Studio Solution File, Format Version 12.00
# Visual Studio Version 16
VisualStudioVersion = 16.0.29519.181
MinimumVisualStudioVersion = 10.0.40219.1
Project("{F184B08F-C81C-45F6-A57F-5ABD9991F28F}") = "DropToCopy", "DropToCopy\DropToCopy.vbproj", "{CDF80173-254D-450E-8A92-B4D0405770B4}"
EndProject
Global
	GlobalSection(SolutionConfigurationPlatforms) = preSolution
		Debug|Any CPU = Debug|Any CPU
		Release|Any CPU = Release|Any CPU
	EndGlobalSection
	GlobalSection(ProjectConfigurationPlatforms) = postSolution
		{CDF80173-254D-450E-8A92-B4D0405770B4}.Debug|Any CPU.ActiveCfg = Debug|Any CPU
		{CDF80173-254D-450E-8A92-B4D0405770B4}.Debug|Any CPU.Build.0 = Debug|Any CPU
		{CDF80173-254D-450E-8A92-B4D0405770B4}.Release|Any CPU.ActiveCfg = Release|Any CPU
		{CDF80173-254D-450E-8A92-B4D0405770B4}.Release|Any CPU.Build.0 = Release|Any CPU
	EndGlobalSection
	GlobalSection(SolutionProperties) = preSolution
		HideSolutionNode = FALSE
	EndGlobalSection
	GlobalSection(ExtensibilityGlobals) = postSolution
		SolutionGuid = {745831FE-60C5-4372-B594-E6CB82AB6535}
	EndGlobalSection
EndGlobal
