
Microsoft Visual Studio Solution File, Format Version 12.00
# Visual Studio Version 16
VisualStudioVersion = 16.0.31205.134
MinimumVisualStudioVersion = 10.0.40219.1
Project("{F184B08F-C81C-45F6-A57F-5ABD9991F28F}") = "SkyWatcher_IO", "SkyWatcher_IO\SkyWatcher_IO.vbproj", "{1E906309-A313-4733-8F0F-3FC5474AF328}"
EndProject
Global
	GlobalSection(SolutionConfigurationPlatforms) = preSolution
		Debug|Any CPU = Debug|Any CPU
		Release|Any CPU = Release|Any CPU
	EndGlobalSection
	GlobalSection(ProjectConfigurationPlatforms) = postSolution
		{1E906309-A313-4733-8F0F-3FC5474AF328}.Debug|Any CPU.ActiveCfg = Debug|Any CPU
		{1E906309-A313-4733-8F0F-3FC5474AF328}.Debug|Any CPU.Build.0 = Debug|Any CPU
		{1E906309-A313-4733-8F0F-3FC5474AF328}.Release|Any CPU.ActiveCfg = Release|Any CPU
		{1E906309-A313-4733-8F0F-3FC5474AF328}.Release|Any CPU.Build.0 = Release|Any CPU
	EndGlobalSection
	GlobalSection(SolutionProperties) = preSolution
		HideSolutionNode = FALSE
	EndGlobalSection
	GlobalSection(ExtensibilityGlobals) = postSolution
		SolutionGuid = {AF7E5B6F-F4A3-48D5-B479-2389AA8AA06B}
	EndGlobalSection
EndGlobal
